{
  "nodes": {
    "blink-lib": {
      "inputs": {
        "nixpkgs": [
          "blink-pairs",
          "nixpkgs"
        ]
      },
      "locked": {
        "lastModified": 1780479614,
        "narHash": "sha256-YlvnmeKny7pGL5+tAqtZK84WxJ/vKwCMG5CP9xJEnUg=",
        "owner": "saghen",
        "repo": "blink.lib",
        "rev": "b127d48bf8e9ac9cf41f6e0fbead317503f76558",
        "type": "github"
      },
      "original": {
        "owner": "saghen",
        "repo": "blink.lib",
        "type": "github"
      }
    },
    "blink-pairs": {
      "inputs": {
        "blink-lib": "blink-lib",
        "nixpkgs": "nixpkgs"
      },
      "locked": {
        "lastModified": 1783888837,
        "narHash": "sha256-BfkI6Q4TynkboKei8EVB+56041rQIlBUD57LXIKYa+4=",
        "owner": "saghen",
        "repo": "blink.pairs",
        "rev": "dd57684daf1297e854e46c85511e7875efb4de75",
        "type": "github"
      },
      "original": {
        "owner": "saghen",
        "repo": "blink.pairs",
        "type": "github"
      }
    },
    "direnv-nvim": {
      "flake": false,
      "locked": {
        "lastModified": 1782680771,
        "narHash": "sha256-b5PpmkYWaDGLNcu+36tRR5ycATHYBjs9WrV8/jfmooQ=",
        "owner": "NotAShelf",
        "repo": "direnv.nvim",
        "rev": "9258f9f10c4c729d8296fce0e3ecb12543daad06",
        "type": "github"
      },
      "original": {
        "owner": "NotAShelf",
        "repo": "direnv.nvim",
        "type": "github"
      }
    },
    "flake-parts": {
      "inputs": {
        "nixpkgs-lib": [
          "neovim-nightly",
          "nixpkgs"
        ]
      },
      "locked": {
        "lastModified": 1785627969,
        "narHash": "sha256-4dtXQk/NMePegK/nWp5NSeuZKLATItOq61lpEvmXqGw=",
        "owner": "hercules-ci",
        "repo": "flake-parts",
        "rev": "427bf4bd9435fdf21321c8cc628c24efc14c0f7a",
        "type": "github"
      },
      "original": {
        "owner": "hercules-ci",
        "repo": "flake-parts",
        "type": "github"
      }
    },
    "log-highlight-nvim": {
      "flake": false,
      "locked": {
        "lastModified": 1778088889,
        "narHash": "sha256-nkExBiot2Z0JaBuzympYCWUX+493jRTFhgwJ6AZiNSo=",
        "owner": "fei6409",
        "repo": "log-highlight.nvim",
        "rev": "b2e00cfd41ca94338265a595f3f3f423d9f9322e",
        "type": "github"
      },
      "original": {
        "owner": "fei6409",
        "repo": "log-highlight.nvim",
        "type": "github"
      }
    },
    "multiple-cursors-nvim": {
      "flake": false,
      "locked": {
        "lastModified": 1778400396,
        "narHash": "sha256-iLQT+M0wL/Bh0zzgLSozSRjsELzKochMlM6djUwg/og=",
        "owner": "brenton-leighton",
        "repo": "multiple-cursors.nvim",
        "rev": "eae76d4c5f7ede2d45746dc2affb5e7a139e4aa8",
        "type": "github"
      },
      "original": {
        "owner": "brenton-leighton",
        "repo": "multiple-cursors.nvim",
        "type": "github"
      }
    },
    "neovim-nightly": {
      "inputs": {
        "flake-parts": "flake-parts",
        "neovim-src": "neovim-src",
        "nixpkgs": "nixpkgs_2"
      },
      "locked": {
        "lastModified": 1786665931,
        "narHash": "sha256-q6OfJQzaF4sCFTdYQkVrivFtTJfn6tOXWZgh2+jSdWQ=",
        "owner": "nix-community",
        "repo": "neovim-nightly-overlay",
        "rev": "3e18c5a4359334e9aaaec6b3c265065c0987bf96",
        "type": "github"
      },
      "original": {
        "owner": "nix-community",
        "repo": "neovim-nightly-overlay",
        "type": "github"
      }
    },
    "neovim-src": {
      "flake": false,
      "locked": {
        "lastModified": 1786664812,
        "narHash": "sha256-dd8R90vbRRZRwx5591OeySSdN+GvowuRwgP8EYU0YHM=",
        "owner": "neovim",
        "repo": "neovim",
        "rev": "ca88ad10c8e9eeee2f2bf1bc73466d207663c4d2",
        "type": "github"
      },
      "original": {
        "owner": "neovim",
        "repo": "neovim",
        "type": "github"
      }
    },
    "nixpkgs": {
      "locked": {
        "lastModified": 1780749050,
        "narHash": "sha256-G5B1h4sOH4DN/RZ85xYi6zPm2MHdOrNMeUmMslZ28Qs=",
        "rev": "a799d3e3886da994fa307f817a6bc705ae538eeb",
        "type": "tarball",
        "url": "https://releases.nixos.org/nixos/unstable/nixos-26.11pre1011622.a799d3e3886d/nixexprs.tar.xz"
      },
      "original": {
        "type": "tarball",
        "url": "https://channels.nixos.org/nixos-unstable/nixexprs.tar.xz"
      }
    },
    "nixpkgs_2": {
      "locked": {
        "lastModified": 1786534138,
        "narHash": "sha256-fBJMdnKUTUDtfi/BYLr71HLaC9dG382arxLF2Egg2uo=",
        "owner": "NixOS",
        "repo": "nixpkgs",
        "rev": "044bfe75bfe4c7bbe043dc17b5e42ea823b84a09",
        "type": "github"
      },
      "original": {
        "owner": "NixOS",
        "ref": "nixpkgs-unstable",
        "repo": "nixpkgs",
        "type": "github"
      }
    },
    "nixpkgs_3": {
      "locked": {
        "lastModified": 1786535285,
        "narHash": "sha256-rG5HKMAgAhMgydvKGtco6rqTxRq4EDZQCx9USLvVqYw=",
        "owner": "NixOS",
        "repo": "nixpkgs",
        "rev": "9f78f44a87948854445dae0b6bf82b2e87e4efb5",
        "type": "github"
      },
      "original": {
        "owner": "NixOS",
        "ref": "nixos-26.05",
        "repo": "nixpkgs",
        "type": "github"
      }
    },
    "opencode-nvim": {
      "flake": false,
      "locked": {
        "lastModified": 1785430120,
        "narHash": "sha256-bAF3ssHly41AxqKEHFrsK9S1mTbrIZfEI3kzZ6alKXc=",
        "owner": "nickjvandyke",
        "repo": "opencode.nvim",
        "rev": "41622312d5d8fb074699c1d5d96f089286191376",
        "type": "github"
      },
      "original": {
        "owner": "nickjvandyke",
        "repo": "opencode.nvim",
        "type": "github"
      }
    },
    "readline-nvim": {
      "flake": false,
      "locked": {
        "lastModified": 1702351462,
        "narHash": "sha256-Ebu8nM8OZXcT36/5/1bBvB/NyzVKYVQh0i55PNYcoSI=",
        "owner": "hiberabyss",
        "repo": "readline.nvim",
        "rev": "bce06a4d8b9761f507e109fad7666ad87bb8bcac",
        "type": "github"
      },
      "original": {
        "owner": "hiberabyss",
        "repo": "readline.nvim",
        "type": "github"
      }
    },
    "render-markdown-nvim": {
      "flake": false,
      "locked": {
        "lastModified": 1786479688,
        "narHash": "sha256-t9mgh+4/5BWUSeXea8757xWhxJDe4XCzJAi1KumG0co=",
        "owner": "MeanderingProgrammer",
        "repo": "render-markdown.nvim",
        "rev": "4663eb3ecd538bd5062628fb6d95bbe6bdca78f6",
        "type": "github"
      },
      "original": {
        "owner": "MeanderingProgrammer",
        "repo": "render-markdown.nvim",
        "type": "github"
      }
    },
    "root": {
      "inputs": {
        "blink-pairs": "blink-pairs",
        "direnv-nvim": "direnv-nvim",
        "log-highlight-nvim": "log-highlight-nvim",
        "multiple-cursors-nvim": "multiple-cursors-nvim",
        "neovim-nightly": "neovim-nightly",
        "nixpkgs": "nixpkgs_3",
        "opencode-nvim": "opencode-nvim",
        "readline-nvim": "readline-nvim",
        "render-markdown-nvim": "render-markdown-nvim",
        "workspace-diagnostics": "workspace-diagnostics"
      }
    },
    "workspace-diagnostics": {
      "flake": false,
      "locked": {
        "lastModified": 1777903144,
        "narHash": "sha256-xVZYcOw+n/6+4aW+7pcngTTQUBbGsO+QjcHXf3GtaFs=",
        "owner": "artemave",
        "repo": "workspace-diagnostics.nvim",
        "rev": "a35321d8401878cc9558e357acfd0da58b582739",
        "type": "github"
      },
      "original": {
        "owner": "artemave",
        "repo": "workspace-diagnostics.nvim",
        "type": "github"
      }
    }
  },
  "root": "root",
  "version": 7
}
