{
  "nodes": {
    "nixpkgs": {
      "locked": {
        "lastModified": 1786640210,
        "narHash": "sha256-p68mIUDjlFVTa8cJtZGdRB1rH5nsyPO/hjXRQWi4iwo=",
        "owner": "NixOS",
        "repo": "nixpkgs",
        "rev": "6aec2b4a297117aee2eecd796b55bf94d41d92fd",
        "type": "github"
      },
      "original": {
        "owner": "NixOS",
        "repo": "nixpkgs",
        "type": "github"
      }
    },
    "root": {
      "inputs": {
        "nixpkgs": "nixpkgs"
      }
    }
  },
  "root": "root",
  "version": 7
}
